// !$*UTF8*$!
{
	archiveVersion = 1;
	classes = {
	};
	objectVersion = 50;
	objects = {

/* Begin PBXBuildFile section */
		6A84AF992411526D004E0493 /* SettingsDetailsViewController.swift in Sources */ = {isa = PBXBuildFile; fileRef = 6A84AF982411526D004E0493 /* SettingsDetailsViewController.swift */; };
		6AE3014424102C2E00A2683B /* AppDelegate.swift in Sources */ = {isa = PBXBuildFile; fileRef = 6AE3014324102C2E00A2683B /* AppDelegate.swift */; };
		6AE3014624102C2E00A2683B /* SceneDelegate.swift in Sources */ = {isa = PBXBuildFile; fileRef = 6AE3014524102C2E00A2683B /* SceneDelegate.swift */; };
		6AE3014824102C2E00A2683B /* UIViewController+SceneDelegate.swift in Sources */ = {isa = PBXBuildFile; fileRef = 6AE3014724102C2E00A2683B /* UIViewController+SceneDelegate.swift */; };
		6AE3014B24102C2E00A2683B /* Main.storyboard in Resources */ = {isa = PBXBuildFile; fileRef = 6AE3014924102C2E00A2683B /* Main.storyboard */; };
		6AE3014D24102C3100A2683B /* Assets.xcassets in Resources */ = {isa = PBXBuildFile; fileRef = 6AE3014C24102C3100A2683B /* Assets.xcassets */; };
		6AE3015024102C3100A2683B /* LaunchScreen.storyboard in Resources */ = {isa = PBXBuildFile; fileRef = 6AE3014E24102C3100A2683B /* LaunchScreen.storyboard */; };
		6AE3015B24102C3200A2683B /* CoordinatorAndRepositoryPatternsTests.swift in Sources */ = {isa = PBXBuildFile; fileRef = 6AE3015A24102C3200A2683B /* CoordinatorAndRepositoryPatternsTests.swift */; };
		6AE3016724102DCA00A2683B /* Coordinator.swift in Sources */ = {isa = PBXBuildFile; fileRef = 6AE3016624102DCA00A2683B /* Coordinator.swift */; };
		6AE3016924102E5600A2683B /* AppCoordinator.swift in Sources */ = {isa = PBXBuildFile; fileRef = 6AE3016824102E5600A2683B /* AppCoordinator.swift */; };
		6AE3016B24102FF500A2683B /* StoryboardInstantiable.swift in Sources */ = {isa = PBXBuildFile; fileRef = 6AE3016A24102FF500A2683B /* StoryboardInstantiable.swift */; };
		6AE3016D2410467700A2683B /* HomeCoordinator.swift in Sources */ = {isa = PBXBuildFile; fileRef = 6AE3016C2410467700A2683B /* HomeCoordinator.swift */; };
		6AE3016F24104AAB00A2683B /* FeedCoordinator.swift in Sources */ = {isa = PBXBuildFile; fileRef = 6AE3016E24104AAB00A2683B /* FeedCoordinator.swift */; };
		6AE3017124104AE200A2683B /* AccountCoordinator.swift in Sources */ = {isa = PBXBuildFile; fileRef = 6AE3017024104AE200A2683B /* AccountCoordinator.swift */; };
		6AE3017324104F7100A2683B /* SettingsCoordinator.swift in Sources */ = {isa = PBXBuildFile; fileRef = 6AE3017224104F7100A2683B /* SettingsCoordinator.swift */; };
		6AE301752410532C00A2683B /* CoordinatorParent.swift in Sources */ = {isa = PBXBuildFile; fileRef = 6AE301742410532C00A2683B /* CoordinatorParent.swift */; };
		6AE301782410617F00A2683B /* SettingsViewController.swift in Sources */ = {isa = PBXBuildFile; fileRef = 6AE301772410617F00A2683B /* SettingsViewController.swift */; };
		6AE3017A2410618800A2683B /* HomeViewController.swift in Sources */ = {isa = PBXBuildFile; fileRef = 6AE301792410618800A2683B /* HomeViewController.swift */; };
		6AE3017D241061B300A2683B /* FeedViewController.swift in Sources */ = {isa = PBXBuildFile; fileRef = 6AE3017C241061B300A2683B /* FeedViewController.swift */; };
		6AE3017F241061C600A2683B /* AccountViewController.swift in Sources */ = {isa = PBXBuildFile; fileRef = 6AE3017E241061C600A2683B /* AccountViewController.swift */; };
/* End PBXBuildFile section */

/* Begin PBXContainerItemProxy section */
		6AE3015724102C3200A2683B /* PBXContainerItemProxy */ = {
			isa = PBXContainerItemProxy;
			containerPortal = 6AE3013824102C2E00A2683B /* Project object */;
			proxyType = 1;
			remoteGlobalIDString = 6AE3013F24102C2E00A2683B;
			remoteInfo = CoordinatorAndRepositoryPatterns;
		};
/* End PBXContainerItemProxy section */

/* Begin PBXFileReference section */
		6A84AF982411526D004E0493 /* SettingsDetailsViewController.swift */ = {isa = PBXFileReference; lastKnownFileType = sourcecode.swift; path = SettingsDetailsViewController.swift; sourceTree = "<group>"; };
		6AE3014024102C2E00A2683B /* CoordinatorAndRepositoryPatterns.app */ = {isa = PBXFileReference; explicitFileType = wrapper.application; includeInIndex = 0; path = CoordinatorAndRepositoryPatterns.app; sourceTree = BUILT_PRODUCTS_DIR; };
		6AE3014324102C2E00A2683B /* AppDelegate.swift */ = {isa = PBXFileReference; lastKnownFileType = sourcecode.swift; path = AppDelegate.swift; sourceTree = "<group>"; };
		6AE3014524102C2E00A2683B /* SceneDelegate.swift */ = {isa = PBXFileReference; lastKnownFileType = sourcecode.swift; path = SceneDelegate.swift; sourceTree = "<group>"; };
		6AE3014724102C2E00A2683B /* UIViewController+SceneDelegate.swift */ = {isa = PBXFileReference; lastKnownFileType = sourcecode.swift; path = "UIViewController+SceneDelegate.swift"; sourceTree = "<group>"; };
		6AE3014A24102C2E00A2683B /* Base */ = {isa = PBXFileReference; lastKnownFileType = file.storyboard; name = Base; path = Base.lproj/Main.storyboard; sourceTree = "<group>"; };
		6AE3014C24102C3100A2683B /* Assets.xcassets */ = {isa = PBXFileReference; lastKnownFileType = folder.assetcatalog; path = Assets.xcassets; sourceTree = "<group>"; };
		6AE3014F24102C3100A2683B /* Base */ = {isa = PBXFileReference; lastKnownFileType = file.storyboard; name = Base; path = Base.lproj/LaunchScreen.storyboard; sourceTree = "<group>"; };
		6AE3015124102C3100A2683B /* Info.plist */ = {isa = PBXFileReference; lastKnownFileType = text.plist.xml; path = Info.plist; sourceTree = "<group>"; };
		6AE3015624102C3200A2683B /* CoordinatorAndRepositoryPatternsTests.xctest */ = {isa = PBXFileReference; explicitFileType = wrapper.cfbundle; includeInIndex = 0; path = CoordinatorAndRepositoryPatternsTests.xctest; sourceTree = BUILT_PRODUCTS_DIR; };
		6AE3015A24102C3200A2683B /* CoordinatorAndRepositoryPatternsTests.swift */ = {isa = PBXFileReference; lastKnownFileType = sourcecode.swift; path = CoordinatorAndRepositoryPatternsTests.swift; sourceTree = "<group>"; };
		6AE3015C24102C3200A2683B /* Info.plist */ = {isa = PBXFileReference; lastKnownFileType = text.plist.xml; path = Info.plist; sourceTree = "<group>"; };
		6AE3016624102DCA00A2683B /* Coordinator.swift */ = {isa = PBXFileReference; lastKnownFileType = sourcecode.swift; path = Coordinator.swift; sourceTree = "<group>"; };
		6AE3016824102E5600A2683B /* AppCoordinator.swift */ = {isa = PBXFileReference; lastKnownFileType = sourcecode.swift; path = AppCoordinator.swift; sourceTree = "<group>"; };
		6AE3016A24102FF500A2683B /* StoryboardInstantiable.swift */ = {isa = PBXFileReference; lastKnownFileType = sourcecode.swift; path = StoryboardInstantiable.swift; sourceTree = "<group>"; };
		6AE3016C2410467700A2683B /* HomeCoordinator.swift */ = {isa = PBXFileReference; lastKnownFileType = sourcecode.swift; path = HomeCoordinator.swift; sourceTree = "<group>"; };
		6AE3016E24104AAB00A2683B /* FeedCoordinator.swift */ = {isa = PBXFileReference; lastKnownFileType = sourcecode.swift; path = FeedCoordinator.swift; sourceTree = "<group>"; };
		6AE3017024104AE200A2683B /* AccountCoordinator.swift */ = {isa = PBXFileReference; lastKnownFileType = sourcecode.swift; path = AccountCoordinator.swift; sourceTree = "<group>"; };
		6AE3017224104F7100A2683B /* SettingsCoordinator.swift */ = {isa = PBXFileReference; lastKnownFileType = sourcecode.swift; path = SettingsCoordinator.swift; sourceTree = "<group>"; };
		6AE301742410532C00A2683B /* CoordinatorParent.swift */ = {isa = PBXFileReference; lastKnownFileType = sourcecode.swift; path = CoordinatorParent.swift; sourceTree = "<group>"; };
		6AE301772410617F00A2683B /* SettingsViewController.swift */ = {isa = PBXFileReference; lastKnownFileType = sourcecode.swift; path = SettingsViewController.swift; sourceTree = "<group>"; };
		6AE301792410618800A2683B /* HomeViewController.swift */ = {isa = PBXFileReference; lastKnownFileType = sourcecode.swift; path = HomeViewController.swift; sourceTree = "<group>"; };
		6AE3017C241061B300A2683B /* FeedViewController.swift */ = {isa = PBXFileReference; lastKnownFileType = sourcecode.swift; path = FeedViewController.swift; sourceTree = "<group>"; };
		6AE3017E241061C600A2683B /* AccountViewController.swift */ = {isa = PBXFileReference; lastKnownFileType = sourcecode.swift; path = AccountViewController.swift; sourceTree = "<group>"; };
/* End PBXFileReference section */

/* Begin PBXFrameworksBuildPhase section */
		6AE3013D24102C2E00A2683B /* Frameworks */ = {
			isa = PBXFrameworksBuildPhase;
			buildActionMask = 2147483647;
			files = (
			);
			runOnlyForDeploymentPostprocessing = 0;
		};
		6AE3015324102C3100A2683B /* Frameworks */ = {
			isa = PBXFrameworksBuildPhase;
			buildActionMask = 2147483647;
			files = (
			);
			runOnlyForDeploymentPostprocessing = 0;
		};
/* End PBXFrameworksBuildPhase section */

/* Begin PBXGroup section */
		6AE3013724102C2E00A2683B = {
			isa = PBXGroup;
			children = (
				6AE3014224102C2E00A2683B /* CoordinatorAndRepositoryPatterns */,
				6AE3015924102C3200A2683B /* CoordinatorAndRepositoryPatternsTests */,
				6AE3014124102C2E00A2683B /* Products */,
			);
			sourceTree = "<group>";
		};
		6AE3014124102C2E00A2683B /* Products */ = {
			isa = PBXGroup;
			children = (
				6AE3014024102C2E00A2683B /* CoordinatorAndRepositoryPatterns.app */,
				6AE3015624102C3200A2683B /* CoordinatorAndRepositoryPatternsTests.xctest */,
			);
			name = Products;
			sourceTree = "<group>";
		};
		6AE3014224102C2E00A2683B /* CoordinatorAndRepositoryPatterns */ = {
			isa = PBXGroup;
			children = (
				6AE3014324102C2E00A2683B /* AppDelegate.swift */,
				6AE3014524102C2E00A2683B /* SceneDelegate.swift */,
				6AE3014724102C2E00A2683B /* UIViewController+SceneDelegate.swift */,
				6AE3016524102D1F00A2683B /* Coordinators */,
				6AE301762410616C00A2683B /* Controllers */,
				6AE3014924102C2E00A2683B /* Main.storyboard */,
				6AE3014C24102C3100A2683B /* Assets.xcassets */,
				6AE3014E24102C3100A2683B /* LaunchScreen.storyboard */,
				6AE3015124102C3100A2683B /* Info.plist */,
			);
			path = CoordinatorAndRepositoryPatterns;
			sourceTree = "<group>";
		};
		6AE3015924102C3200A2683B /* CoordinatorAndRepositoryPatternsTests */ = {
			isa = PBXGroup;
			children = (
				6AE3015A24102C3200A2683B /* CoordinatorAndRepositoryPatternsTests.swift */,
				6AE3015C24102C3200A2683B /* Info.plist */,
			);
			path = CoordinatorAndRepositoryPatternsTests;
			sourceTree = "<group>";
		};
		6AE3016524102D1F00A2683B /* Coordinators */ = {
			isa = PBXGroup;
			children = (
				6AE301802410620800A2683B /* Protocols */,
				6AE3016824102E5600A2683B /* AppCoordinator.swift */,
				6AE3016C2410467700A2683B /* HomeCoordinator.swift */,
				6AE3016E24104AAB00A2683B /* FeedCoordinator.swift */,
				6AE3017024104AE200A2683B /* AccountCoordinator.swift */,
				6AE3017224104F7100A2683B /* SettingsCoordinator.swift */,
			);
			path = Coordinators;
			sourceTree = "<group>";
		};
		6AE301762410616C00A2683B /* Controllers */ = {
			isa = PBXGroup;
			children = (
				6AE301792410618800A2683B /* HomeViewController.swift */,
				6AE3017C241061B300A2683B /* FeedViewController.swift */,
				6AE3017E241061C600A2683B /* AccountViewController.swift */,
				6AE301772410617F00A2683B /* SettingsViewController.swift */,
				6A84AF982411526D004E0493 /* SettingsDetailsViewController.swift */,
			);
			path = Controllers;
			sourceTree = "<group>";
		};
		6AE301802410620800A2683B /* Protocols */ = {
			isa = PBXGroup;
			children = (
				6AE3016A24102FF500A2683B /* StoryboardInstantiable.swift */,
				6AE301742410532C00A2683B /* CoordinatorParent.swift */,
				6AE3016624102DCA00A2683B /* Coordinator.swift */,
			);
			path = Protocols;
			sourceTree = "<group>";
		};
/* End PBXGroup section */

/* Begin PBXNativeTarget section */
		6AE3013F24102C2E00A2683B /* CoordinatorAndRepositoryPatterns */ = {
			isa = PBXNativeTarget;
			buildConfigurationList = 6AE3015F24102C3200A2683B /* Build configuration list for PBXNativeTarget "CoordinatorAndRepositoryPatterns" */;
			buildPhases = (
				6AE3013C24102C2E00A2683B /* Sources */,
				6AE3013D24102C2E00A2683B /* Frameworks */,
				6AE3013E24102C2E00A2683B /* Resources */,
			);
			buildRules = (
			);
			dependencies = (
			);
			name = CoordinatorAndRepositoryPatterns;
			productName = CoordinatorAndRepositoryPatterns;
			productReference = 6AE3014024102C2E00A2683B /* CoordinatorAndRepositoryPatterns.app */;
			productType = "com.apple.product-type.application";
		};
		6AE3015524102C3100A2683B /* CoordinatorAndRepositoryPatternsTests */ = {
			isa = PBXNativeTarget;
			buildConfigurationList = 6AE3016224102C3200A2683B /* Build configuration list for PBXNativeTarget "CoordinatorAndRepositoryPatternsTests" */;
			buildPhases = (
				6AE3015224102C3100A2683B /* Sources */,
				6AE3015324102C3100A2683B /* Frameworks */,
				6AE3015424102C3100A2683B /* Resources */,
			);
			buildRules = (
			);
			dependencies = (
				6AE3015824102C3200A2683B /* PBXTargetDependency */,
			);
			name = CoordinatorAndRepositoryPatternsTests;
			productName = CoordinatorAndRepositoryPatternsTests;
			productReference = 6AE3015624102C3200A2683B /* CoordinatorAndRepositoryPatternsTests.xctest */;
			productType = "com.apple.product-type.bundle.unit-test";
		};
/* End PBXNativeTarget section */

/* Begin PBXProject section */
		6AE3013824102C2E00A2683B /* Project object */ = {
			isa = PBXProject;
			attributes = {
				LastSwiftUpdateCheck = 1130;
				LastUpgradeCheck = 1130;
				ORGANIZATIONNAME = CAPS;
				TargetAttributes = {
					6AE3013F24102C2E00A2683B = {
						CreatedOnToolsVersion = 11.3.1;
					};
					6AE3015524102C3100A2683B = {
						CreatedOnToolsVersion = 11.3.1;
						TestTargetID = 6AE3013F24102C2E00A2683B;
					};
				};
			};
			buildConfigurationList = 6AE3013B24102C2E00A2683B /* Build configuration list for PBXProject "CoordinatorAndRepositoryPatterns" */;
			compatibilityVersion = "Xcode 9.3";
			developmentRegion = en;
			hasScannedForEncodings = 0;
			knownRegions = (
				en,
				Base,
			);
			mainGroup = 6AE3013724102C2E00A2683B;
			productRefGroup = 6AE3014124102C2E00A2683B /* Products */;
			projectDirPath = "";
			projectRoot = "";
			targets = (
				6AE3013F24102C2E00A2683B /* CoordinatorAndRepositoryPatterns */,
				6AE3015524102C3100A2683B /* CoordinatorAndRepositoryPatternsTests */,
			);
		};
/* End PBXProject section */

/* Begin PBXResourcesBuildPhase section */
		6AE3013E24102C2E00A2683B /* Resources */ = {
			isa = PBXResourcesBuildPhase;
			buildActionMask = 2147483647;
			files = (
				6AE3015024102C3100A2683B /* LaunchScreen.storyboard in Resources */,
				6AE3014D24102C3100A2683B /* Assets.xcassets in Resources */,
				6AE3014B24102C2E00A2683B /* Main.storyboard in Resources */,
			);
			runOnlyForDeploymentPostprocessing = 0;
		};
		6AE3015424102C3100A2683B /* Resources */ = {
			isa = PBXResourcesBuildPhase;
			buildActionMask = 2147483647;
			files = (
			);
			runOnlyForDeploymentPostprocessing = 0;
		};
/* End PBXResourcesBuildPhase section */

/* Begin PBXSourcesBuildPhase section */
		6AE3013C24102C2E00A2683B /* Sources */ = {
			isa = PBXSourcesBuildPhase;
			buildActionMask = 2147483647;
			files = (
				6AE3016F24104AAB00A2683B /* FeedCoordinator.swift in Sources */,
				6AE3016724102DCA00A2683B /* Coordinator.swift in Sources */,
				6AE3014824102C2E00A2683B /* UIViewController+SceneDelegate.swift in Sources */,
				6AE3016B24102FF500A2683B /* StoryboardInstantiable.swift in Sources */,
				6A84AF992411526D004E0493 /* SettingsDetailsViewController.swift in Sources */,
				6AE301752410532C00A2683B /* CoordinatorParent.swift in Sources */,
				6AE3016924102E5600A2683B /* AppCoordinator.swift in Sources */,
				6AE3017D241061B300A2683B /* FeedViewController.swift in Sources */,
				6AE3017324104F7100A2683B /* SettingsCoordinator.swift in Sources */,
				6AE3017124104AE200A2683B /* AccountCoordinator.swift in Sources */,
				6AE3014424102C2E00A2683B /* AppDelegate.swift in Sources */,
				6AE3016D2410467700A2683B /* HomeCoordinator.swift in Sources */,
				6AE3017F241061C600A2683B /* AccountViewController.swift in Sources */,
				6AE3014624102C2E00A2683B /* SceneDelegate.swift in Sources */,
				6AE3017A2410618800A2683B /* HomeViewController.swift in Sources */,
				6AE301782410617F00A2683B /* SettingsViewController.swift in Sources */,
			);
			runOnlyForDeploymentPostprocessing = 0;
		};
		6AE3015224102C3100A2683B /* Sources */ = {
			isa = PBXSourcesBuildPhase;
			buildActionMask = 2147483647;
			files = (
				6AE3015B24102C3200A2683B /* CoordinatorAndRepositoryPatternsTests.swift in Sources */,
			);
			runOnlyForDeploymentPostprocessing = 0;
		};
/* End PBXSourcesBuildPhase section */

/* Begin PBXTargetDependency section */
		6AE3015824102C3200A2683B /* PBXTargetDependency */ = {
			isa = PBXTargetDependency;
			target = 6AE3013F24102C2E00A2683B /* CoordinatorAndRepositoryPatterns */;
			targetProxy = 6AE3015724102C3200A2683B /* PBXContainerItemProxy */;
		};
/* End PBXTargetDependency section */

/* Begin PBXVariantGroup section */
		6AE3014924102C2E00A2683B /* Main.storyboard */ = {
			isa = PBXVariantGroup;
			children = (
				6AE3014A24102C2E00A2683B /* Base */,
			);
			name = Main.storyboard;
			sourceTree = "<group>";
		};
		6AE3014E24102C3100A2683B /* LaunchScreen.storyboard */ = {
			isa = PBXVariantGroup;
			children = (
				6AE3014F24102C3100A2683B /* Base */,
			);
			name = LaunchScreen.storyboard;
			sourceTree = "<group>";
		};
/* End PBXVariantGroup section */

/* Begin XCBuildConfiguration section */
		6AE3015D24102C3200A2683B /* Debug */ = {
			isa = XCBuildConfiguration;
			buildSettings = {
				ALWAYS_SEARCH_USER_PATHS = NO;
				CLANG_ANALYZER_NONNULL = YES;
				CLANG_ANALYZER_NUMBER_OBJECT_CONVERSION = YES_AGGRESSIVE;
				CLANG_CXX_LANGUAGE_STANDARD = "gnu++14";
				CLANG_CXX_LIBRARY = "libc++";
				CLANG_ENABLE_MODULES = YES;
				CLANG_ENABLE_OBJC_ARC = YES;
				CLANG_ENABLE_OBJC_WEAK = YES;
				CLANG_WARN_BLOCK_CAPTURE_AUTORELEASING = YES;
				CLANG_WARN_BOOL_CONVERSION = YES;
				CLANG_WARN_COMMA = YES;
				CLANG_WARN_CONSTANT_CONVERSION = YES;
				CLANG_WARN_DEPRECATED_OBJC_IMPLEMENTATIONS = YES;
				CLANG_WARN_DIRECT_OBJC_ISA_USAGE = YES_ERROR;
				CLANG_WARN_DOCUMENTATION_COMMENTS = YES;
				CLANG_WARN_EMPTY_BODY = YES;
				CLANG_WARN_ENUM_CONVERSION = YES;
				CLANG_WARN_INFINITE_RECURSION = YES;
				CLANG_WARN_INT_CONVERSION = YES;
				CLANG_WARN_NON_LITERAL_NULL_CONVERSION = YES;
				CLANG_WARN_OBJC_IMPLICIT_RETAIN_SELF = YES;
				CLANG_WARN_OBJC_LITERAL_CONVERSION = YES;
				CLANG_WARN_OBJC_ROOT_CLASS = YES_ERROR;
				CLANG_WARN_RANGE_LOOP_ANALYSIS = YES;
				CLANG_WARN_STRICT_PROTOTYPES = YES;
				CLANG_WARN_SUSPICIOUS_MOVE = YES;
				CLANG_WARN_UNGUARDED_AVAILABILITY = YES_AGGRESSIVE;
				CLANG_WARN_UNREACHABLE_CODE = YES;
				CLANG_WARN__DUPLICATE_METHOD_MATCH = YES;
				COPY_PHASE_STRIP = NO;
				DEBUG_INFORMATION_FORMAT = dwarf;
				ENABLE_STRICT_OBJC_MSGSEND = YES;
				ENABLE_TESTABILITY = YES;
				GCC_C_LANGUAGE_STANDARD = gnu11;
				GCC_DYNAMIC_NO_PIC = NO;
				GCC_NO_COMMON_BLOCKS = YES;
				GCC_OPTIMIZATION_LEVEL = 0;
				GCC_PREPROCESSOR_DEFINITIONS = (
					"DEBUG=1",
					"$(inherited)",
				);
				GCC_WARN_64_TO_32_BIT_CONVERSION = YES;
				GCC_WARN_ABOUT_RETURN_TYPE = YES_ERROR;
				GCC_WARN_UNDECLARED_SELECTOR = YES;
				GCC_WARN_UNINITIALIZED_AUTOS = YES_AGGRESSIVE;
				GCC_WARN_UNUSED_FUNCTION = YES;
				GCC_WARN_UNUSED_VARIABLE = YES;
				IPHONEOS_DEPLOYMENT_TARGET = 13.2;
				MTL_ENABLE_DEBUG_INFO = INCLUDE_SOURCE;
				MTL_FAST_MATH = YES;
				ONLY_ACTIVE_ARCH = YES;
				SDKROOT = iphoneos;
				SWIFT_ACTIVE_COMPILATION_CONDITIONS = DEBUG;
				SWIFT_OPTIMIZATION_LEVEL = "-Onone";
			};
			name = Debug;
		};
		6AE3015E24102C3200A2683B /* Release */ = {
			isa = XCBuildConfiguration;
			buildSettings = {
				ALWAYS_SEARCH_USER_PATHS = NO;
				CLANG_ANALYZER_NONNULL = YES;
				CLANG_ANALYZER_NUMBER_OBJECT_CONVERSION = YES_AGGRESSIVE;
				CLANG_CXX_LANGUAGE_STANDARD = "gnu++14";
				CLANG_CXX_LIBRARY = "libc++";
				CLANG_ENABLE_MODULES = YES;
				CLANG_ENABLE_OBJC_ARC = YES;
				CLANG_ENABLE_OBJC_WEAK = YES;
				CLANG_WARN_BLOCK_CAPTURE_AUTORELEASING = YES;
				CLANG_WARN_BOOL_CONVERSION = YES;
				CLANG_WARN_COMMA = YES;
				CLANG_WARN_CONSTANT_CONVERSION = YES;
				CLANG_WARN_DEPRECATED_OBJC_IMPLEMENTATIONS = YES;
				CLANG_WARN_DIRECT_OBJC_ISA_USAGE = YES_ERROR;
				CLANG_WARN_DOCUMENTATION_COMMENTS = YES;
				CLANG_WARN_EMPTY_BODY = YES;
				CLANG_WARN_ENUM_CONVERSION = YES;
				CLANG_WARN_INFINITE_RECURSION = YES;
				CLANG_WARN_INT_CONVERSION = YES;
				CLANG_WARN_NON_LITERAL_NULL_CONVERSION = YES;
				CLANG_WARN_OBJC_IMPLICIT_RETAIN_SELF = YES;
				CLANG_WARN_OBJC_LITERAL_CONVERSION = YES;
				CLANG_WARN_OBJC_ROOT_CLASS = YES_ERROR;
				CLANG_WARN_RANGE_LOOP_ANALYSIS = YES;
				CLANG_WARN_STRICT_PROTOTYPES = YES;
				CLANG_WARN_SUSPICIOUS_MOVE = YES;
				CLANG_WARN_UNGUARDED_AVAILABILITY = YES_AGGRESSIVE;
				CLANG_WARN_UNREACHABLE_CODE = YES;
				CLANG_WARN__DUPLICATE_METHOD_MATCH = YES;
				COPY_PHASE_STRIP = NO;
				DEBUG_INFORMATION_FORMAT = "dwarf-with-dsym";
				ENABLE_NS_ASSERTIONS = NO;
				ENABLE_STRICT_OBJC_MSGSEND = YES;
				GCC_C_LANGUAGE_STANDARD = gnu11;
				GCC_NO_COMMON_BLOCKS = YES;
				GCC_WARN_64_TO_32_BIT_CONVERSION = YES;
				GCC_WARN_ABOUT_RETURN_TYPE = YES_ERROR;
				GCC_WARN_UNDECLARED_SELECTOR = YES;
				GCC_WARN_UNINITIALIZED_AUTOS = YES_AGGRESSIVE;
				GCC_WARN_UNUSED_FUNCTION = YES;
				GCC_WARN_UNUSED_VARIABLE = YES;
				IPHONEOS_DEPLOYMENT_TARGET = 13.2;
				MTL_ENABLE_DEBUG_INFO = NO;
				MTL_FAST_MATH = YES;
				SDKROOT = iphoneos;
				SWIFT_COMPILATION_MODE = wholemodule;
				SWIFT_OPTIMIZATION_LEVEL = "-O";
				VALIDATE_PRODUCT = YES;
			};
			name = Release;
		};
		6AE3016024102C3200A2683B /* Debug */ = {
			isa = XCBuildConfiguration;
			buildSettings = {
				ASSETCATALOG_COMPILER_APPICON_NAME = AppIcon;
				CODE_SIGN_STYLE = Automatic;
				DEVELOPMENT_TEAM = 79J92XV598;
				INFOPLIST_FILE = CoordinatorAndRepositoryPatterns/Info.plist;
				LD_RUNPATH_SEARCH_PATHS = (
					"$(inherited)",
					"@executable_path/Frameworks",
				);
				PRODUCT_BUNDLE_IDENTIFIER = edu.ua.caps.CoordinatorAndRepositoryPatterns;
				PRODUCT_NAME = "$(TARGET_NAME)";
				SWIFT_VERSION = 5.0;
				TARGETED_DEVICE_FAMILY = "1,2";
			};
			name = Debug;
		};
		6AE3016124102C3200A2683B /* Release */ = {
			isa = XCBuildConfiguration;
			buildSettings = {
				ASSETCATALOG_COMPILER_APPICON_NAME = AppIcon;
				CODE_SIGN_STYLE = Automatic;
				DEVELOPMENT_TEAM = 79J92XV598;
				INFOPLIST_FILE = CoordinatorAndRepositoryPatterns/Info.plist;
				LD_RUNPATH_SEARCH_PATHS = (
					"$(inherited)",
					"@executable_path/Frameworks",
				);
				PRODUCT_BUNDLE_IDENTIFIER = edu.ua.caps.CoordinatorAndRepositoryPatterns;
				PRODUCT_NAME = "$(TARGET_NAME)";
				SWIFT_VERSION = 5.0;
				TARGETED_DEVICE_FAMILY = "1,2";
			};
			name = Release;
		};
		6AE3016324102C3200A2683B /* Debug */ = {
			isa = XCBuildConfiguration;
			buildSettings = {
				ALWAYS_EMBED_SWIFT_STANDARD_LIBRARIES = YES;
				BUNDLE_LOADER = "$(TEST_HOST)";
				CODE_SIGN_STYLE = Automatic;
				DEVELOPMENT_TEAM = 79J92XV598;
				INFOPLIST_FILE = CoordinatorAndRepositoryPatternsTests/Info.plist;
				IPHONEOS_DEPLOYMENT_TARGET = 13.2;
				LD_RUNPATH_SEARCH_PATHS = (
					"$(inherited)",
					"@executable_path/Frameworks",
					"@loader_path/Frameworks",
				);
				PRODUCT_BUNDLE_IDENTIFIER = edu.ua.caps.CoordinatorAndRepositoryPatternsTests;
				PRODUCT_NAME = "$(TARGET_NAME)";
				SWIFT_VERSION = 5.0;
				TARGETED_DEVICE_FAMILY = "1,2";
				TEST_HOST = "$(BUILT_PRODUCTS_DIR)/CoordinatorAndRepositoryPatterns.app/CoordinatorAndRepositoryPatterns";
			};
			name = Debug;
		};
		6AE3016424102C3200A2683B /* Release */ = {
			isa = XCBuildConfiguration;
			buildSettings = {
				ALWAYS_EMBED_SWIFT_STANDARD_LIBRARIES = YES;
				BUNDLE_LOADER = "$(TEST_HOST)";
				CODE_SIGN_STYLE = Automatic;
				DEVELOPMENT_TEAM = 79J92XV598;
				INFOPLIST_FILE = CoordinatorAndRepositoryPatternsTests/Info.plist;
				IPHONEOS_DEPLOYMENT_TARGET = 13.2;
				LD_RUNPATH_SEARCH_PATHS = (
					"$(inherited)",
					"@executable_path/Frameworks",
					"@loader_path/Frameworks",
				);
				PRODUCT_BUNDLE_IDENTIFIER = edu.ua.caps.CoordinatorAndRepositoryPatternsTests;
				PRODUCT_NAME = "$(TARGET_NAME)";
				SWIFT_VERSION = 5.0;
				TARGETED_DEVICE_FAMILY = "1,2";
				TEST_HOST = "$(BUILT_PRODUCTS_DIR)/CoordinatorAndRepositoryPatterns.app/CoordinatorAndRepositoryPatterns";
			};
			name = Release;
		};
/* End XCBuildConfiguration section */

/* Begin XCConfigurationList section */
		6AE3013B24102C2E00A2683B /* Build configuration list for PBXProject "CoordinatorAndRepositoryPatterns" */ = {
			isa = XCConfigurationList;
			buildConfigurations = (
				6AE3015D24102C3200A2683B /* Debug */,
				6AE3015E24102C3200A2683B /* Release */,
			);
			defaultConfigurationIsVisible = 0;
			defaultConfigurationName = Release;
		};
		6AE3015F24102C3200A2683B /* Build configuration list for PBXNativeTarget "CoordinatorAndRepositoryPatterns" */ = {
			isa = XCConfigurationList;
			buildConfigurations = (
				6AE3016024102C3200A2683B /* Debug */,
				6AE3016124102C3200A2683B /* Release */,
			);
			defaultConfigurationIsVisible = 0;
			defaultConfigurationName = Release;
		};
		6AE3016224102C3200A2683B /* Build configuration list for PBXNativeTarget "CoordinatorAndRepositoryPatternsTests" */ = {
			isa = XCConfigurationList;
			buildConfigurations = (
				6AE3016324102C3200A2683B /* Debug */,
				6AE3016424102C3200A2683B /* Release */,
			);
			defaultConfigurationIsVisible = 0;
			defaultConfigurationName = Release;
		};
/* End XCConfigurationList section */
	};
	rootObject = 6AE3013824102C2E00A2683B /* Project object */;
}
